
Microsoft Visual Studio Solution File, Format Version 12.00
# Visual Studio Version 17
VisualStudioVersion = 17.10.35122.118
MinimumVisualStudioVersion = 10.0.40219.1
Project("{FAE04EC0-301F-11D3-BF4B-00C04F79EFBC}") = "AuthenticationService", "AuthenticationService\AuthenticationService.csproj", "{07640506-2E1B-49B1-8D28-9F66EA12BE64}"
EndProject
Global
	GlobalSection(SolutionConfigurationPlatforms) = preSolution
		Debug|Any CPU = Debug|Any CPU
		Release|Any CPU = Release|Any CPU
	EndGlobalSection
	GlobalSection(ProjectConfigurationPlatforms) = postSolution
		{07640506-2E1B-49B1-8D28-9F66EA12BE64}.Debug|Any CPU.ActiveCfg = Debug|Any CPU
		{07640506-2E1B-49B1-8D28-9F66EA12BE64}.Debug|Any CPU.Build.0 = Debug|Any CPU
		{07640506-2E1B-49B1-8D28-9F66EA12BE64}.Release|Any CPU.ActiveCfg = Release|Any CPU
		{07640506-2E1B-49B1-8D28-9F66EA12BE64}.Release|Any CPU.Build.0 = Release|Any CPU
	EndGlobalSection
	GlobalSection(SolutionProperties) = preSolution
		HideSolutionNode = FALSE
	EndGlobalSection
	GlobalSection(ExtensibilityGlobals) = postSolution
		SolutionGuid = {CF5DA412-2A49-4EE9-964C-376D3928C8DB}
	EndGlobalSection
EndGlobal
